---
lockfileVersion: '9.0'

importers:

  .:
    configDependencies: {}
    packageManagerDependencies:
      '@pnpm/exe':
        specifier: ^11.22.0
        version: 11.27.0
      pnpm:
        specifier: ^11.22.0
        version: 11.27.0

packages:

  '@pnpm/exe@11.27.0':
    resolution: {integrity: sha512-bYxakbHTbkxAEyfQwdSOHCXYJLAifV5JhwDDctg4T4Vxqm7kxMtL0IMuobCVPboHkCMfJp2MQOrXW8i+Q8LGdQ==}
    hasBin: true

  '@pnpm/linux-arm64@11.27.0':
    resolution: {integrity: sha512-t++rduG9b+Zp+/AV8bcqEmP97vXYPYDfpOpBwjIj+joHqWZUew2xYTbdjy/Cl+5fJo5KJfk7yaefG68/FV3T/Q==}
    cpu: [arm64]
    os: [linux]

  '@pnpm/linux-x64@11.27.0':
    resolution: {integrity: sha512-22fewv9aY/xrdcfUnAaS7rrx9mYBcMOI7DyUrkYR4QmcBO00SjHm2gHmnBQfU4fF/CAn29RxakAmWD3tm4faPQ==}
    cpu: [x64]
    os: [linux]

  '@pnpm/linuxstatic-arm64@11.27.0':
    resolution: {integrity: sha512-h+X+ZLHJRiD97WtIiJypG2Gz0fAEOCJslMK2U605r8OLHrOMhkJOJrkmOorDX4AHTmRvLzeYd0lyqmnIJ2W8oQ==}
    cpu: [arm64]
    os: [linux]
    libc: [musl]

  '@pnpm/linuxstatic-x64@11.27.0':
    resolution: {integrity: sha512-m3frAy3RUUat79Yuf2mPNOwM5SJvgW+6ntvWKXegOPSKXiU7wQtsEt9vsz9Zu0KJuILNPqExDJDUakXsIjtE9Q==}
    cpu: [x64]
    os: [linux]
    libc: [musl]

  '@pnpm/macos-arm64@11.27.0':
    resolution: {integrity: sha512-slqW4ib2f6wHnt6HEvIk/FuoqMi39MMKeYnHs0Q58+ALSfittcx3deGn3Ft+ITvIpKH18qp4RV5yI2wBpd5BOQ==}
    cpu: [arm64]
    os: [darwin]

  '@pnpm/win-arm64@11.27.0':
    resolution: {integrity: sha512-qcfgwsaFqCyeOQfT6wnaHlsxaukqbMvuMDRmSvT+IGupbNdl78kvda2Dc6Njs90HKqcpIoABxSZk3L8Z1eP3CQ==}
    cpu: [arm64]
    os: [win32]

  '@pnpm/win-x64@11.27.0':
    resolution: {integrity: sha512-oELUW39dxn68DSAGZ2gyifkv4zHrCF5pUbCOSyun6ylVdIIoAqGpZKgg0HzONJIwlXn2bIIFQMR5dTrkKPl6Nw==}
    cpu: [x64]
    os: [win32]

  '@reflink/reflink-darwin-arm64@0.1.19':
    resolution: {integrity: sha512-ruy44Lpepdk1FqDz38vExBY/PVUsjxZA+chd9wozjUH9JjuDT/HEaQYA6wYN9mf041l0yLVar6BCZuWABJvHSA==}
    engines: {node: '>= 10'}
    cpu: [arm64]
    os: [darwin]

  '@reflink/reflink-darwin-x64@0.1.19':
    resolution: {integrity: sha512-By85MSWrMZa+c26TcnAy8SDk0sTUkYlNnwknSchkhHpGXOtjNDUOxJE9oByBnGbeuIE1PiQsxDG3Ud+IVV9yuA==}
    engines: {node: '>= 10'}
    cpu: [x64]
    os: [darwin]

  '@reflink/reflink-linux-arm64-gnu@0.1.19':
    resolution: {integrity: sha512-7P+er8+rP9iNeN+bfmccM4hTAaLP6PQJPKWSA4iSk2bNvo6KU6RyPgYeHxXmzNKzPVRcypZQTpFgstHam6maVg==}
    engines: {node: '>= 10'}
    cpu: [arm64]
    os: [linux]
    libc: [glibc]

  '@reflink/reflink-linux-arm64-musl@0.1.19':
    resolution: {integrity: sha512-37iO/Dp6m5DDaC2sf3zPtx/hl9FV3Xze4xoYidrxxS9bgP3S8ALroxRK6xBG/1TtfXKTvolvp+IjrUU6ujIGmA==}
    engines: {node: '>= 10'}
    cpu: [arm64]
    os: [linux]
    libc: [musl]

  '@reflink/reflink-linux-x64-gnu@0.1.19':
    resolution: {integrity: sha512-jbI8jvuYCaA3MVUdu8vLoLAFqC+iNMpiSuLbxlAgg7x3K5bsS8nOpTRnkLF7vISJ+rVR8W+7ThXlXlUQ93ulkw==}
    engines: {node: '>= 10'}
    cpu: [x64]
    os: [linux]
    libc: [glibc]

  '@reflink/reflink-linux-x64-musl@0.1.19':
    resolution: {integrity: sha512-e9FBWDe+lv7QKAwtKOt6A2W/fyy/aEEfr0g6j/hWzvQcrzHCsz07BNQYlNOjTfeytrtLU7k449H1PI95jA4OjQ==}
    engines: {node: '>= 10'}
    cpu: [x64]
    os: [linux]
    libc: [musl]

  '@reflink/reflink-win32-arm64-msvc@0.1.19':
    resolution: {integrity: sha512-09PxnVIQcd+UOn4WAW73WU6PXL7DwGS6wPlkMhMg2zlHHG65F3vHepOw06HFCq+N42qkaNAc8AKIabWvtk6cIQ==}
    engines: {node: '>= 10'}
    cpu: [arm64]
    os: [win32]

  '@reflink/reflink-win32-x64-msvc@0.1.19':
    resolution: {integrity: sha512-E//yT4ni2SyhwP8JRjVGWr3cbnhWDiPLgnQ66qqaanjjnMiu3O/2tjCPQXlcGc/DEYofpDc9fvhv6tALQsMV9w==}
    engines: {node: '>= 10'}
    cpu: [x64]
    os: [win32]

  '@reflink/reflink@0.1.19':
    resolution: {integrity: sha512-DmCG8GzysnCZ15bres3N5AHCmwBwYgp0As6xjhQ47rAUTUXxJiK+lLUxaGsX3hd/30qUpVElh05PbGuxRPgJwA==}
    engines: {node: '>= 10'}

  detect-libc@2.1.2:
    resolution: {integrity: sha512-Btj2BOOO83o3WyH59e8MgXsxEQVcarkUOpEYrubB0urwnN10yQ364rsiByU11nZlqWYZm05i/of7io4mzihBtQ==}
    engines: {node: '>=8'}

  pnpm@11.27.0:
    resolution: {integrity: sha512-rRKCFGO7FDKV8fo+zed6a5uXp5kDhtqAD/V7/8OWTcZLexx1WdXb5cM3rqZZ7ZyJN9Q3C9GYyiAJvG+gJJgI5w==}
    engines: {node: '>=22.13'}
    hasBin: true

snapshots:

  '@pnpm/exe@11.27.0':
    dependencies:
      '@reflink/reflink': 0.1.19
      detect-libc: 2.1.2
    optionalDependencies:
      '@pnpm/linux-arm64': 11.27.0
      '@pnpm/linux-x64': 11.27.0
      '@pnpm/linuxstatic-arm64': 11.27.0
      '@pnpm/linuxstatic-x64': 11.27.0
      '@pnpm/macos-arm64': 11.27.0
      '@pnpm/win-arm64': 11.27.0
      '@pnpm/win-x64': 11.27.0

  '@pnpm/linux-arm64@11.27.0':
    optional: true

  '@pnpm/linux-x64@11.27.0':
    optional: true

  '@pnpm/linuxstatic-arm64@11.27.0':
    optional: true

  '@pnpm/linuxstatic-x64@11.27.0':
    optional: true

  '@pnpm/macos-arm64@11.27.0':
    optional: true

  '@pnpm/win-arm64@11.27.0':
    optional: true

  '@pnpm/win-x64@11.27.0':
    optional: true

  '@reflink/reflink-darwin-arm64@0.1.19':
    optional: true

  '@reflink/reflink-darwin-x64@0.1.19':
    optional: true

  '@reflink/reflink-linux-arm64-gnu@0.1.19':
    optional: true

  '@reflink/reflink-linux-arm64-musl@0.1.19':
    optional: true

  '@reflink/reflink-linux-x64-gnu@0.1.19':
    optional: true

  '@reflink/reflink-linux-x64-musl@0.1.19':
    optional: true

  '@reflink/reflink-win32-arm64-msvc@0.1.19':
    optional: true

  '@reflink/reflink-win32-x64-msvc@0.1.19':
    optional: true

  '@reflink/reflink@0.1.19':
    optionalDependencies:
      '@reflink/reflink-darwin-arm64': 0.1.19
      '@reflink/reflink-darwin-x64': 0.1.19
      '@reflink/reflink-linux-arm64-gnu': 0.1.19
      '@reflink/reflink-linux-arm64-musl': 0.1.19
      '@reflink/reflink-linux-x64-gnu': 0.1.19
      '@reflink/reflink-linux-x64-musl': 0.1.19
      '@reflink/reflink-win32-arm64-msvc': 0.1.19
      '@reflink/reflink-win32-x64-msvc': 0.1.19

  detect-libc@2.1.2: {}

  pnpm@11.27.0: {}

---
lockfileVersion: '9.0'

settings:
  autoInstallPeers: true
  excludeLinksFromLockfile: false

importers:

  .:
    dependencies:
      '@aws-sdk/client-dynamodb':
        specifier: ^3.1135.0
        version: 3.1135.0
      '@aws-sdk/client-s3':
        specifier: ^3.1135.0
        version: 3.1135.0
      '@aws-sdk/client-sfn':
        specifier: ^3.1135.0
        version: 3.1135.0
      '@aws-sdk/lib-dynamodb':
        specifier: ^3.1135.0
        version: 3.1135.0(@aws-sdk/client-dynamodb@3.1135.0)
      '@aws-sdk/s3-request-presigner':
        specifier: ^3.1135.0
        version: 3.1135.0
    devDependencies:
      '@biomejs/biome':
        specifier: ^2.5.14
        version: 2.5.14
      '@types/aws-lambda':
        specifier: ^8.10.163
        version: 8.10.163
      '@types/node':
        specifier: ^26.6.1
        version: 26.6.1
      bun-types:
        specifier: ^1.4.2
        version: 1.4.2
      typescript:
        specifier: ^7.0.2
        version: 7.0.2

packages:

  '@aws-sdk/checksums@3.1001.0':
    resolution: {integrity: sha512-6uTniZc87q+B5eXouGTl+7Tmc482rEeCcvxpsvREP8EfF0gvloRZ41UOA9sbSJlyy8TbqIBXb3kKfKarEArUQA==}
    engines: {node: '>=20.0.0'}

  '@aws-sdk/client-dynamodb@3.1135.0':
    resolution: {integrity: sha512-v7OUJssmhg5vVnJowkgZfQQBufC8ObJ+wjSJv8J8QFHvDb0F6iOvbEu4JTgJTAvQ5SXDEAZXE82SDfJ0rzd9NQ==}
    engines: {node: '>=20.0.0'}

  '@aws-sdk/client-s3@3.1135.0':
    resolution: {integrity: sha512-/1CVA0M+TaEOzgM02DUST1NzQTjbY8OumDKPETjzo4owypkZZMxu1ADecFbzeG73hje/XLNAJfGepQ3a40CGnw==}
    engines: {node: '>=20.0.0'}

  '@aws-sdk/client-sfn@3.1135.0':
    resolution: {integrity: sha512-xMVN87JZaSILRi3YN/2rxbC5p4zOci5mM7Mrh2E83mDEGKi2qgqEC5iIqrzBhYpTVRATybIA5pvNrwVrhV7uWQ==}
    engines: {node: '>=20.0.0'}

  '@aws-sdk/core@3.978.0':
    resolution: {integrity: sha512-2yX9LUmxPklVjSGTb8dfnWRJSiFQ3TeH2nn7G1mdKHTfnabzF0+gfrS8rYfLWmZrQ8A3mEcxMJjRc51dL5KWaA==}
    engines: {node: '>=20.0.0'}

  '@aws-sdk/credential-provider-env@3.972.71':
    resolution: {integrity: sha512-JN+JHruYZw3GUZB8YGAlDk4wTDPOEAEEdEzj5nS0xodWR4smzHsN7PnK2j6IeOsDIj2aqua5DSbhXl9Gtf90FQ==}
    engines: {node: '>=20.0.0'}

  '@aws-sdk/credential-provider-http@3.972.73':
    resolution: {integrity: sha512-uyYYnJOnlis8uQzaYGPd7N1JoioCoNpXgnkXYixsWJXHXgXyYi8WXJSDfofxJeWfQIGWLe2Nwyq60Uc7MZdVOg==}
    engines: {node: '>=20.0.0'}

  '@aws-sdk/credential-provider-ini@3.973.16':
    resolution: {integrity: sha512-i++ly+0Uxa+u3ebSSyr0S/3CFhFJDxCXT3+Zj+mW2bXenEx5bKGCdTIKFu39SgXBNhWDjex/8cXUx9MUTMCrTw==}
    engines: {node: '>=20.0.0'}

  '@aws-sdk/credential-provider-login@3.972.78':
    resolution: {integrity: sha512-eUtswnXu0+Ii9ieRK+0L7aPFV3Z/dnW2VntJzjBP9xs8s+8p5nBNuymIXtXwZ+5r5+XJP3e32nMkuZ/r0HozEA==}
    engines: {node: '>=20.0.0'}

  '@aws-sdk/credential-provider-node@3.972.83':
    resolution: {integrity: sha512-jdso7ejzfRnatxMUZK4S/U6KbaDPCvfIV4XL+IQAPFDBt5rj5Fq595euqlK8Le4lNCMFR9oUpt+1l0aMgaayOQ==}
    engines: {node: '>=20.0.0'}

  '@aws-sdk/credential-provider-process@3.972.71':
    resolution: {integrity: sha512-lYmXJa4gvq4xN1lrT5NiP5vIYYKcGWAdj8y+8o6dlcateB5eF3Dn8DtmjjHKfMBrTPAMr2pebIiX/UOj8c1/UA==}
    engines: {node: '>=20.0.0'}

  '@aws-sdk/credential-provider-sso@3.973.15':
    resolution: {integrity: sha512-6Jhcf4v0pSFdjk1EW2kvzuEBKD+UZ2uNcHUIglKKLndD20YhvkL2kdmDOV5/j4mYuWWwe/a1FQ1aomU86/Cg5Q==}
    engines: {node: '>=20.0.0'}

  '@aws-sdk/credential-provider-web-identity@3.972.77':
    resolution: {integrity: sha512-uylIQSUWpfLuH2LovxEEfwzJGM/SabLOfLMg6YXu/E8jJEKUdpdILCVCQCdFvHyu/7dLJOHPMfrSwduxO56NkQ==}
    engines: {node: '>=20.0.0'}

  '@aws-sdk/dynamodb-codec@3.973.45':
    resolution: {integrity: sha512-WMnbfe3igJy14RRzEnLDW9G2V0WbrXdnp2UYAGYJIgbB1wR33bBle0dmbVnejs6sHJWfP2N1cAAx/QxXnoyK8w==}
    engines: {node: '>=20.0.0'}

  '@aws-sdk/endpoint-cache@3.972.11':
    resolution: {integrity: sha512-8q1ICxcDjHId3bBryuu/j+1L9y5/3uQnwzLDt5j2ElcjZSoWmFtymdJy7OjLrluSMe0Z4mq5bcH4fxBXvlEHfw==}
    engines: {node: '>=20.0.0'}

  '@aws-sdk/lib-dynamodb@3.1135.0':
    resolution: {integrity: sha512-v6F+AJXYrAazow2cs8tDqjrFnr7bb97jjOZuaJiRGJhz62BDG9nn9cKD0Ka2HO5lvuZ4eVEhMNRmIKFUo83ZFQ==}
    engines: {node: '>=20.0.0'}
    peerDependencies:
      '@aws-sdk/client-dynamodb': ^3.1135.0

  '@aws-sdk/middleware-endpoint-discovery@3.972.30':
    resolution: {integrity: sha512-0hmD7/NG2NoVOVHvUb6rtY5POQYr+/9gdHvrYhIBA1zmCqKOBd5Gz3dL+iZ15FHOJbs/5kLplGoePc8PHTlzYA==}
    engines: {node: '>=20.0.0'}

  '@aws-sdk/middleware-sdk-s3@3.972.76':
    resolution: {integrity: sha512-NfnTkVUTBKTBuBgqaapFK9r3YdkKt1b2oRvgLzZq91bwNKh6ZS0S7sEcheguttREaL4iyfs/xQnqD7Z7AsWSsA==}
    engines: {node: '>=20.0.0'}

  '@aws-sdk/nested-clients@3.997.45':
    resolution: {integrity: sha512-mooq9Q+jLa18VoM7HouczmslZU60iiB0aKc/Ztnq/luIL1ud0z4DnYprLR/ZO1gp331S9tJctM1HZr7u6YKBXQ==}
    engines: {node: '>=20.0.0'}

  '@aws-sdk/s3-request-presigner@3.1135.0':
    resolution: {integrity: sha512-e8fkfFrsROsL2xa4X2Elui7SApBSb+vsJ0XlVdifv7MPOuwPzQ0oQsC1/BQxT1/Hx3IuOVdT0EF9dU87aKse8A==}
    engines: {node: '>=20.0.0'}

  '@aws-sdk/signature-v4-multi-region@3.996.46':
    resolution: {integrity: sha512-L+2xZTye/2T96f3lwCws0Zw6GG2JHZW9e8FpVgGBeeExSKyeoZ6CWRpBml/7DNiK/O26jrgPM9F+Ay8VkgzUWQ==}
    engines: {node: '>=20.0.0'}

  '@aws-sdk/token-providers@3.1129.0':
    resolution: {integrity: sha512-Sbl3rpzQdsG4ZK2zh0JWUYyZPKKorJlVOddA2T0DVbKJFrsW8J6wgnslxxUH04+WaBMr4A1HzJZvZX0xUvkniA==}
    engines: {node: '>=20.0.0'}

  '@aws-sdk/types@3.974.5':
    resolution: {integrity: sha512-LkwLL2BLbC6wNNm4JaH9mbEqBMdOZCct6VAYqhdN4U1xrWM+fUJQEfbHwQgDypapOWTRtlk25akb5afM0P8CIQ==}
    engines: {node: '>=20.0.0'}

  '@aws-sdk/util-dynamodb@3.996.9':
    resolution: {integrity: sha512-16x2tRvl7OYpZ0W/DdFJieFriD13+RvuRBDbe5sj/tCEfK86HSGd7I2s5j0ivz8p6KWGkS+5wKRO9OliJkjUOQ==}
    engines: {node: '>=20.0.0'}
    peerDependencies:
      '@aws-sdk/client-dynamodb': ^3.1111.0

  '@aws-sdk/xml-builder@3.972.40':
    resolution: {integrity: sha512-wlFmCIGUlwF4zx/kncw+bmxTQh1HeSJq4mYV/V5cZUSJadDP3kXvGW8Rn21cimj/7y9ju+47oYWXi97vF7czaA==}
    engines: {node: '>=20.0.0'}

  '@aws/lambda-invoke-store@0.3.0':
    resolution: {integrity: sha512-sl4Bm6yiMNYrZKkqqDFWN0UfnWhlS8ivKxrYl+6t0gCLrqr8y3B2IqZZbFRkfaVVp7C/baApyh71P+LeE1A2sQ==}
    engines: {node: '>=18.0.0'}

  '@biomejs/biome@2.5.14':
    resolution: {integrity: sha512-0FabLIjd4M/dm8VFI86RMaLLdgepzbdfiAL2R8cr7V81OYYrP1w7Z73KfAwPK5h9SrEBXTzNG2y+mBwPo9xRnw==}
    engines: {node: '>=14.21.3'}
    hasBin: true

  '@biomejs/cli-darwin-arm64@2.5.14':
    resolution: {integrity: sha512-UnzaXO65L4tsZimFITFP2M121GyhDcWFrT3pL5ZJ5U4XcS/0L5VHYytVohdCf/gnDUFHgl2I9xnt5bV/J1kxHQ==}
    engines: {node: '>=14.21.3'}
    cpu: [arm64]
    os: [darwin]

  '@biomejs/cli-darwin-x64@2.5.14':
    resolution: {integrity: sha512-kiy8qA16K93J7uvFfWi4LgjqDpnRKyePAna6A0Y4jxyUga35SYpIZ2cNWlhy0lsfgqRenCpfymnJWEZ6mgpRgA==}
    engines: {node: '>=14.21.3'}
    cpu: [x64]
    os: [darwin]

  '@biomejs/cli-linux-arm64-musl@2.5.14':
    resolution: {integrity: sha512-SJ9PrZkBnnH9dHJDnxk34vKs0GB2dbsioaft6/hPhWJ7AHpwYH83Isnhj0FSRpFkGgpVfJ1lds23ApB2czUDLQ==}
    engines: {node: '>=14.21.3'}
    cpu: [arm64]
    os: [linux]
    libc: [musl]

  '@biomejs/cli-linux-arm64@2.5.14':
    resolution: {integrity: sha512-vO/9BaU1n30CiFNLx49gMTMtbCAAqlo/EqFoG0BU3deQInTbJrmXSmTQ9e3FoDZIKQnvSLDVNL4lx1ci7y1T1Q==}
    engines: {node: '>=14.21.3'}
    cpu: [arm64]
    os: [linux]
    libc: [glibc]

  '@biomejs/cli-linux-x64-musl@2.5.14':
    resolution: {integrity: sha512-2kI5PrMgW5dcEZYrstLPmUmCwkUwZY39rP4BN93Vxbwcs2O57LDQOktUZZYPvvspN5i0mhGr3TJtF5sU26NUWg==}
    engines: {node: '>=14.21.3'}
    cpu: [x64]
    os: [linux]
    libc: [musl]

  '@biomejs/cli-linux-x64@2.5.14':
    resolution: {integrity: sha512-VHZRa7CCQBUWKxNwUvHJeuW03WFRgN5NWO//SDGOitc9QIeNyfA42V9zlKm+x82xFSG9Bzi5fi+hbhm9anO8yA==}
    engines: {node: '>=14.21.3'}
    cpu: [x64]
    os: [linux]
    libc: [glibc]

  '@biomejs/cli-win32-arm64@2.5.14':
    resolution: {integrity: sha512-pHgAFffmZtaYoxavEsWEYNvcA7NwOIjLyqw2HXyLbt16xYryX0L4fMV2u0G9ag6LNYPIoqWaWqzUcnc6rLGGXg==}
    engines: {node: '>=14.21.3'}
    cpu: [arm64]
    os: [win32]

  '@biomejs/cli-win32-x64@2.5.14':
    resolution: {integrity: sha512-oJWmBhoHsnhUKIke+0gXDX0mltJrWHA1UyHsrTlXwX0TL64ilVZAo+TYZm97baecV0esBdpzy3k96q+09JaZUQ==}
    engines: {node: '>=14.21.3'}
    cpu: [x64]
    os: [win32]

  '@smithy/core@3.34.1':
    resolution: {integrity: sha512-dLcOUxz8YCv1RZUMKq6GbyUf95pLbrqh34bPvpCZ1+CByFF31BEAFewZjsGCnVsZTKdThNENfGyAgk2TJqVwSw==}
    engines: {node: '>=18.0.0'}

  '@smithy/credential-provider-imds@4.5.2':
    resolution: {integrity: sha512-A9uSdn72ozbRUSit0eib0TW7nXuNPlaeM0zcGkJ+nE6tFcSDbnmtwoxbTCFBukVQcszDAyvsd7+rTduPTXpygg==}
    engines: {node: '>=18.0.0'}

  '@smithy/fetch-http-handler@5.8.0':
    resolution: {integrity: sha512-ycSJu3tFAQ4v04CBB0agqFMVsSQ1iG3yw+SpgxRqKfaURpQD4CZ8Wn0zPMmSnOuTpTh65Vz+EA0rMrw089wvkA==}
    engines: {node: '>=18.0.0'}

  '@smithy/node-http-handler@4.12.1':
    resolution: {integrity: sha512-ThMkboGeONWXAelq9FvGsuJC4rOi+qyC4/zhUF58xYpxUg5sQKx2VXZYJmtNjr4dSuBJ1HeJXETQILCz3wOHvw==}
    engines: {node: '>=18.0.0'}

  '@smithy/signature-v4@5.7.3':
    resolution: {integrity: sha512-7ImGm+FkHRLcBaRttIAMZ6bzJZWb2cJGoYjq46F2UjycujWzrL9GEN9h4w7eQyXJYnltrUhxbbieBAIRrdqpow==}
    engines: {node: '>=18.0.0'}

  '@smithy/types@4.18.0':
    resolution: {integrity: sha512-CgB6HHWer/vrKps24ulRIbpcpb7K4xAU7SkZ7YHzBPlwHsvsrCJFEXK421s+cJzX+ZrqtA/TuU5w1HzI7k9N8A==}
    engines: {node: '>=18.0.0'}

  '@types/aws-lambda@8.10.163':
    resolution: {integrity: sha512-+4zuoEB3S8RIhimtOFT7zAEk2SbpwrKjjGl9CyYnQR6k08uynxfauIIB0pDU1ssr05F8oyGiETwpn+8eXZMqPw==}

  '@types/node@26.6.1':
    resolution: {integrity: sha512-VqGJBMCtdhqkBUCcBLvywI0NJ+KLuVzgNnlBUNFOQjqVxzo2lxLUNg1DSey8+u2u6ktswSAxg+s68QLzWHNOuA==}

  '@typescript/typescript-aix-ppc64@7.0.2':
    resolution: {integrity: sha512-MTKKkWB7p/0E9xi1d1tHtZ5PiLkGEMIq88pK2CubZjOsLtYTLqhgIgi6zepFa+9GHZ6h05NMCkQxGKiPXMxXtQ==}
    engines: {node: '>=16.20.0'}
    cpu: [ppc64]
    os: [aix]

  '@typescript/typescript-darwin-arm64@7.0.2':
    resolution: {integrity: sha512-gowzar9MwS/aRWp6f3a4KUqzRjAZjOsmGNCM6LcTgXum+dBfgsBVMN+AgvOCCbguXyick6LJhpBszxMebJ8syA==}
    engines: {node: '>=16.20.0'}
    cpu: [arm64]
    os: [darwin]

  '@typescript/typescript-darwin-x64@7.0.2':
    resolution: {integrity: sha512-SZ9xZInqApNlNGc9s0W1VSsktYSOe9cFqNOIqmN1Gs8SmkjKZYFt017G4VwPxASInODuAdbTW7sXiFUf893RgA==}
    engines: {node: '>=16.20.0'}
    cpu: [x64]
    os: [darwin]

  '@typescript/typescript-freebsd-arm64@7.0.2':
    resolution: {integrity: sha512-W5NH4y/J0plIIS5b2xvTEkU7JFxyqdMAOgf+Ilhl0vHQXKO5dZoxd+C/jEtq56c4F3wk71RB4BMRQ2XdI+bwYQ==}
    engines: {node: '>=16.20.0'}
    cpu: [arm64]
    os: [freebsd]

  '@typescript/typescript-freebsd-x64@7.0.2':
    resolution: {integrity: sha512-UMGDx5sTpzNw3WiPebH7l90IWfJggEd+egHt/q6p7/Cm3zqoV7VxkGXt+3DxPIw8CcmvAB0j3sVVfbhX+M4Tpw==}
    engines: {node: '>=16.20.0'}
    cpu: [x64]
    os: [freebsd]

  '@typescript/typescript-linux-arm64@7.0.2':
    resolution: {integrity: sha512-Qh4eU4/y3yDjnfjjyPYihMj5/ODIlmt+Bzu17OI+fiSRDW57QmU5SiN63exPRNJPKUzcc1INa1NXdrJ+MqHjUQ==}
    engines: {node: '>=16.20.0'}
    cpu: [arm64]
    os: [linux]

  '@typescript/typescript-linux-arm@7.0.2':
    resolution: {integrity: sha512-gffT3xPz9sR7j/YJExkyPntrI0P2EP9XbOyWzth2/Gs0RstK+90RBcO0ncXoXy/beYll1SXw846Nf2zdnEz0QQ==}
    engines: {node: '>=16.20.0'}
    cpu: [arm]
    os: [linux]

  '@typescript/typescript-linux-loong64@7.0.2':
    resolution: {integrity: sha512-uEHck9i8hoAzXPiYRib1O7miOnz23SxIeVl6F4LXox+qov1K35jHcEW6VHKvZI+pyvl7fZEP4MCU5LYvIq1GuQ==}
    engines: {node: '>=16.20.0'}
    cpu: [loong64]
    os: [linux]

  '@typescript/typescript-linux-mips64el@7.0.2':
    resolution: {integrity: sha512-R4KvAMnE43W5Qeqb0Ly56O3mWMWIAgsMyz36DCaycd5nbg/9kzm0liw3JocfRqyJY0KPmzFjbswozXyW0DnIYA==}
    engines: {node: '>=16.20.0'}
    cpu: [mips64el]
    os: [linux]

  '@typescript/typescript-linux-ppc64@7.0.2':
    resolution: {integrity: sha512-DORx5b3sd/4S7eayxm4FQv+A7CrkUIGRaHiwI8oiHTAI1fAPWhF4J0vAlkC8biAlHSVVwxMQ3tjZ2/DVbnQiiA==}
    engines: {node: '>=16.20.0'}
    cpu: [ppc64]
    os: [linux]

  '@typescript/typescript-linux-riscv64@7.0.2':
    resolution: {integrity: sha512-wf0jqEDOjrPRnKwYRyyJDRo11KMbvMFrU+q4zqKyChODBzvlkbhNQfKvLxQCcwTpdDaXSHZTVuh0JoCrKCUMHQ==}
    engines: {node: '>=16.20.0'}
    cpu: [riscv64]
    os: [linux]

  '@typescript/typescript-linux-s390x@7.0.2':
    resolution: {integrity: sha512-IkwJc3L7yhytWd/ewjyxNDfOmswCm9GWMJT/ue/dU4aZNbwZeYAetq42VyLmsmSjvoX7z74X6ZaYCtzAr0EuGw==}
    engines: {node: '>=16.20.0'}
    cpu: [s390x]
    os: [linux]

  '@typescript/typescript-linux-x64@7.0.2':
    resolution: {integrity: sha512-EYdf2cNg7rgCWJnxCdJ+F3V39O8ihb37eHAu1LK8oAFizgTQbPOK7zHHXbPt8rX24COqODXeI3sIf0fCXG7H/A==}
    engines: {node: '>=16.20.0'}
    cpu: [x64]
    os: [linux]

  '@typescript/typescript-netbsd-arm64@7.0.2':
    resolution: {integrity: sha512-+polYF4MF04aPpO5FTkHran9yUQDSXqy5GiSDKpsll5jy3l3+g9QLhpf39T+ePtefhXLOGrLl0QIjkQP6VnelA==}
    engines: {node: '>=16.20.0'}
    cpu: [arm64]
    os: [netbsd]

  '@typescript/typescript-netbsd-x64@7.0.2':
    resolution: {integrity: sha512-8YIT0EHM/3dq10ZOVF/A7pc/YSMtbcecct4rWtexrnSCHOPcpC2KTLXfTCR6vDpnSiY12heNb1GiN/wu+T/FyA==}
    engines: {node: '>=16.20.0'}
    cpu: [x64]
    os: [netbsd]

  '@typescript/typescript-openbsd-arm64@7.0.2':
    resolution: {integrity: sha512-APT8+ClYnuYm1u9+kgGXoMj2VzWzcymwh2gNSQVySHfkRDGOTVkoWLjCmOQSaO+PoqQ57B0flRp9SA+7GnnkzQ==}
    engines: {node: '>=16.20.0'}
    cpu: [arm64]
    os: [openbsd]

  '@typescript/typescript-openbsd-x64@7.0.2':
    resolution: {integrity: sha512-yX7s+Q0Dln0Dt9tEzZsAjXXR/+ytBM7AlglaqyeMPxQszJ1JhlJdZ6jLA+IzldHtflX81em7lDao1xXu+aRRkg==}
    engines: {node: '>=16.20.0'}
    cpu: [x64]
    os: [openbsd]

  '@typescript/typescript-sunos-x64@7.0.2':
    resolution: {integrity: sha512-dLJDGaLZ1D4HPQn62u1n8mBDkJREwMsAkCdkwd4Ieqw+x3TUyTsqY0YiBCtE6H6OzzgGk3iuZ3vFWRS+E8/d1g==}
    engines: {node: '>=16.20.0'}
    cpu: [x64]
    os: [sunos]

  '@typescript/typescript-win32-arm64@7.0.2':
    resolution: {integrity: sha512-Gyl1Vy6OsWesLzmq+EP0Fb7b4Nid5232AvcA2SFcdYreldpNtYFFofPjnt62y9hQy7VTaZp65ICJjuAQRaVcIQ==}
    engines: {node: '>=16.20.0'}
    cpu: [arm64]
    os: [win32]

  '@typescript/typescript-win32-x64@7.0.2':
    resolution: {integrity: sha512-0BQ3HkAHHlKLSp1qRvf3SUhGpGsDuhB/jgFw75guyqbxJqEaS0Cw/VFO8i2nHglJUzQCRtMMR/IBAKE3ETMC4g==}
    engines: {node: '>=16.20.0'}
    cpu: [x64]
    os: [win32]

  bowser@2.14.1:
    resolution: {integrity: sha512-tzPjzCxygAKWFOJP011oxFHs57HzIhOEracIgAePE4pqB3LikALKnSzUyU4MGs9/iCEUuHlAJTjTc5M+u7YEGg==}

  bun-types@1.4.2:
    resolution: {integrity: sha512-bxV1FgK7yBIzjRe5zBozIM4Bem11ZJcCXSrjWRG3YWLt8yFDePu4cLjpebO8OvPeIE9trbyPF4fuj3Cia4Fj3w==}

  mnemonist@0.38.3:
    resolution: {integrity: sha512-2K9QYubXx/NAjv4VLq1d1Ly8pWNC5L3BrixtdkyTegXWJIqY+zLNDhhX/A+ZwWt70tB1S8H4BE8FLYEFyNoOBw==}

  obliterator@1.6.1:
    resolution: {integrity: sha512-9WXswnqINnnhOG/5SLimUlzuU1hFJUc8zkwyD59Sd+dPOMf05PmnYG/d6Q7HZ+KmgkZJa1PxRso6QdM3sTNHig==}

  tslib@2.8.1:
    resolution: {integrity: sha512-oJFu94HQb+KVduSUQL7wnpmqnfmLsOA/nAh6b6EH0wCEoK0/mPeXU6c3wKDV83MkOuHPRHtSXKKU99IBazS/2w==}

  typescript@7.0.2:
    resolution: {integrity: sha512-8FYau96o3NKOhbjKi/qNvG/W5jhzxkbdm5sj9AbZ/5T5sWqn3hJgLfGx27sRKZWTvyzCP8dLRBTf5tBTSRVUNA==}
    engines: {node: '>=16.20.0'}
    hasBin: true

  undici-types@8.9.0:
    resolution: {integrity: sha512-KTDyRTYX8sWmKXAikPHHSyc63CRPETMctyjKFupcC6OBLXT3xsN0e9aF7m+mIXutFWpUXuedtowG7iLOzp0kQg==}

snapshots:

  '@aws-sdk/checksums@3.1001.0':
    dependencies:
      '@aws-sdk/core': 3.978.0
      '@aws-sdk/types': 3.974.5
      '@smithy/core': 3.34.1
      '@smithy/types': 4.18.0
      tslib: 2.8.1

  '@aws-sdk/client-dynamodb@3.1135.0':
    dependencies:
      '@aws-sdk/core': 3.978.0
      '@aws-sdk/credential-provider-node': 3.972.83
      '@aws-sdk/dynamodb-codec': 3.973.45
      '@aws-sdk/middleware-endpoint-discovery': 3.972.30
      '@aws-sdk/types': 3.974.5
      '@smithy/core': 3.34.1
      '@smithy/fetch-http-handler': 5.8.0
      '@smithy/node-http-handler': 4.12.1
      '@smithy/types': 4.18.0
      tslib: 2.8.1

  '@aws-sdk/client-s3@3.1135.0':
    dependencies:
      '@aws-sdk/checksums': 3.1001.0
      '@aws-sdk/core': 3.978.0
      '@aws-sdk/credential-provider-node': 3.972.83
      '@aws-sdk/middleware-sdk-s3': 3.972.76
      '@aws-sdk/signature-v4-multi-region': 3.996.46
      '@aws-sdk/types': 3.974.5
      '@smithy/core': 3.34.1
      '@smithy/fetch-http-handler': 5.8.0
      '@smithy/node-http-handler': 4.12.1
      '@smithy/types': 4.18.0
      tslib: 2.8.1

  '@aws-sdk/client-sfn@3.1135.0':
    dependencies:
      '@aws-sdk/core': 3.978.0
      '@aws-sdk/credential-provider-node': 3.972.83
      '@aws-sdk/types': 3.974.5
      '@smithy/core': 3.34.1
      '@smithy/fetch-http-handler': 5.8.0
      '@smithy/node-http-handler': 4.12.1
      '@smithy/types': 4.18.0
      tslib: 2.8.1

  '@aws-sdk/core@3.978.0':
    dependencies:
      '@aws-sdk/types': 3.974.5
      '@aws-sdk/xml-builder': 3.972.40
      '@aws/lambda-invoke-store': 0.3.0
      '@smithy/core': 3.34.1
      '@smithy/signature-v4': 5.7.3
      '@smithy/types': 4.18.0
      bowser: 2.14.1
      tslib: 2.8.1

  '@aws-sdk/credential-provider-env@3.972.71':
    dependencies:
      '@aws-sdk/core': 3.978.0
      '@aws-sdk/types': 3.974.5
      '@smithy/core': 3.34.1
      '@smithy/types': 4.18.0
      tslib: 2.8.1

  '@aws-sdk/credential-provider-http@3.972.73':
    dependencies:
      '@aws-sdk/core': 3.978.0
      '@aws-sdk/types': 3.974.5
      '@smithy/core': 3.34.1
      '@smithy/fetch-http-handler': 5.8.0
      '@smithy/node-http-handler': 4.12.1
      '@smithy/types': 4.18.0
      tslib: 2.8.1

  '@aws-sdk/credential-provider-ini@3.973.16':
    dependencies:
      '@aws-sdk/core': 3.978.0
      '@aws-sdk/credential-provider-env': 3.972.71
      '@aws-sdk/credential-provider-http': 3.972.73
      '@aws-sdk/credential-provider-login': 3.972.78
      '@aws-sdk/credential-provider-process': 3.972.71
      '@aws-sdk/credential-provider-sso': 3.973.15
      '@aws-sdk/credential-provider-web-identity': 3.972.77
      '@aws-sdk/nested-clients': 3.997.45
      '@aws-sdk/types': 3.974.5
      '@smithy/core': 3.34.1
      '@smithy/credential-provider-imds': 4.5.2
      '@smithy/types': 4.18.0
      tslib: 2.8.1

  '@aws-sdk/credential-provider-login@3.972.78':
    dependencies:
      '@aws-sdk/core': 3.978.0
      '@aws-sdk/nested-clients': 3.997.45
      '@aws-sdk/types': 3.974.5
      '@smithy/core': 3.34.1
      '@smithy/types': 4.18.0
      tslib: 2.8.1

  '@aws-sdk/credential-provider-node@3.972.83':
    dependencies:
      '@aws-sdk/credential-provider-env': 3.972.71
      '@aws-sdk/credential-provider-http': 3.972.73
      '@aws-sdk/credential-provider-ini': 3.973.16
      '@aws-sdk/credential-provider-process': 3.972.71
      '@aws-sdk/credential-provider-sso': 3.973.15
      '@aws-sdk/credential-provider-web-identity': 3.972.77
      '@aws-sdk/types': 3.974.5
      '@smithy/core': 3.34.1
      '@smithy/credential-provider-imds': 4.5.2
      '@smithy/types': 4.18.0
      tslib: 2.8.1

  '@aws-sdk/credential-provider-process@3.972.71':
    dependencies:
      '@aws-sdk/core': 3.978.0
      '@aws-sdk/types': 3.974.5
      '@smithy/core': 3.34.1
      '@smithy/types': 4.18.0
      tslib: 2.8.1

  '@aws-sdk/credential-provider-sso@3.973.15':
    dependencies:
      '@aws-sdk/core': 3.978.0
      '@aws-sdk/nested-clients': 3.997.45
      '@aws-sdk/token-providers': 3.1129.0
      '@aws-sdk/types': 3.974.5
      '@smithy/core': 3.34.1
      '@smithy/types': 4.18.0
      tslib: 2.8.1

  '@aws-sdk/credential-provider-web-identity@3.972.77':
    dependencies:
      '@aws-sdk/core': 3.978.0
      '@aws-sdk/nested-clients': 3.997.45
      '@aws-sdk/types': 3.974.5
      '@smithy/core': 3.34.1
      '@smithy/types': 4.18.0
      tslib: 2.8.1

  '@aws-sdk/dynamodb-codec@3.973.45':
    dependencies:
      '@aws-sdk/core': 3.978.0
      '@smithy/core': 3.34.1
      '@smithy/types': 4.18.0
      tslib: 2.8.1

  '@aws-sdk/endpoint-cache@3.972.11':
    dependencies:
      mnemonist: 0.38.3
      tslib: 2.8.1

  '@aws-sdk/lib-dynamodb@3.1135.0(@aws-sdk/client-dynamodb@3.1135.0)':
    dependencies:
      '@aws-sdk/client-dynamodb': 3.1135.0
      '@aws-sdk/core': 3.978.0
      '@aws-sdk/util-dynamodb': 3.996.9(@aws-sdk/client-dynamodb@3.1135.0)
      '@smithy/core': 3.34.1
      '@smithy/types': 4.18.0
      tslib: 2.8.1

  '@aws-sdk/middleware-endpoint-discovery@3.972.30':
    dependencies:
      '@aws-sdk/endpoint-cache': 3.972.11
      '@aws-sdk/types': 3.974.5
      '@smithy/core': 3.34.1
      '@smithy/types': 4.18.0
      tslib: 2.8.1

  '@aws-sdk/middleware-sdk-s3@3.972.76':
    dependencies:
      '@aws-sdk/core': 3.978.0
      '@aws-sdk/signature-v4-multi-region': 3.996.46
      '@aws-sdk/types': 3.974.5
      '@smithy/core': 3.34.1
      '@smithy/types': 4.18.0
      tslib: 2.8.1

  '@aws-sdk/nested-clients@3.997.45':
    dependencies:
      '@aws-sdk/core': 3.978.0
      '@aws-sdk/signature-v4-multi-region': 3.996.46
      '@aws-sdk/types': 3.974.5
      '@smithy/core': 3.34.1
      '@smithy/fetch-http-handler': 5.8.0
      '@smithy/node-http-handler': 4.12.1
      '@smithy/types': 4.18.0
      tslib: 2.8.1

  '@aws-sdk/s3-request-presigner@3.1135.0':
    dependencies:
      '@aws-sdk/core': 3.978.0
      '@aws-sdk/signature-v4-multi-region': 3.996.46
      '@aws-sdk/types': 3.974.5
      '@smithy/core': 3.34.1
      '@smithy/types': 4.18.0
      tslib: 2.8.1

  '@aws-sdk/signature-v4-multi-region@3.996.46':
    dependencies:
      '@aws-sdk/types': 3.974.5
      '@smithy/signature-v4': 5.7.3
      '@smithy/types': 4.18.0
      tslib: 2.8.1

  '@aws-sdk/token-providers@3.1129.0':
    dependencies:
      '@aws-sdk/core': 3.978.0
      '@aws-sdk/nested-clients': 3.997.45
      '@aws-sdk/types': 3.974.5
      '@smithy/core': 3.34.1
      '@smithy/types': 4.18.0
      tslib: 2.8.1

  '@aws-sdk/types@3.974.5':
    dependencies:
      '@smithy/types': 4.18.0
      tslib: 2.8.1

  '@aws-sdk/util-dynamodb@3.996.9(@aws-sdk/client-dynamodb@3.1135.0)':
    dependencies:
      '@aws-sdk/client-dynamodb': 3.1135.0
      tslib: 2.8.1

  '@aws-sdk/xml-builder@3.972.40':
    dependencies:
      '@smithy/types': 4.18.0
      tslib: 2.8.1

  '@aws/lambda-invoke-store@0.3.0': {}

  '@biomejs/biome@2.5.14':
    optionalDependencies:
      '@biomejs/cli-darwin-arm64': 2.5.14
      '@biomejs/cli-darwin-x64': 2.5.14
      '@biomejs/cli-linux-arm64': 2.5.14
      '@biomejs/cli-linux-arm64-musl': 2.5.14
      '@biomejs/cli-linux-x64': 2.5.14
      '@biomejs/cli-linux-x64-musl': 2.5.14
      '@biomejs/cli-win32-arm64': 2.5.14
      '@biomejs/cli-win32-x64': 2.5.14

  '@biomejs/cli-darwin-arm64@2.5.14':
    optional: true

  '@biomejs/cli-darwin-x64@2.5.14':
    optional: true

  '@biomejs/cli-linux-arm64-musl@2.5.14':
    optional: true

  '@biomejs/cli-linux-arm64@2.5.14':
    optional: true

  '@biomejs/cli-linux-x64-musl@2.5.14':
    optional: true

  '@biomejs/cli-linux-x64@2.5.14':
    optional: true

  '@biomejs/cli-win32-arm64@2.5.14':
    optional: true

  '@biomejs/cli-win32-x64@2.5.14':
    optional: true

  '@smithy/core@3.34.1':
    dependencies:
      '@smithy/types': 4.18.0
      tslib: 2.8.1

  '@smithy/credential-provider-imds@4.5.2':
    dependencies:
      '@smithy/core': 3.34.1
      '@smithy/types': 4.18.0
      tslib: 2.8.1

  '@smithy/fetch-http-handler@5.8.0':
    dependencies:
      '@smithy/core': 3.34.1
      '@smithy/types': 4.18.0
      tslib: 2.8.1

  '@smithy/node-http-handler@4.12.1':
    dependencies:
      '@smithy/core': 3.34.1
      '@smithy/types': 4.18.0
      tslib: 2.8.1

  '@smithy/signature-v4@5.7.3':
    dependencies:
      '@smithy/core': 3.34.1
      '@smithy/types': 4.18.0
      tslib: 2.8.1

  '@smithy/types@4.18.0':
    dependencies:
      tslib: 2.8.1

  '@types/aws-lambda@8.10.163': {}

  '@types/node@26.6.1':
    dependencies:
      undici-types: 8.9.0

  '@typescript/typescript-aix-ppc64@7.0.2':
    optional: true

  '@typescript/typescript-darwin-arm64@7.0.2':
    optional: true

  '@typescript/typescript-darwin-x64@7.0.2':
    optional: true

  '@typescript/typescript-freebsd-arm64@7.0.2':
    optional: true

  '@typescript/typescript-freebsd-x64@7.0.2':
    optional: true

  '@typescript/typescript-linux-arm64@7.0.2':
    optional: true

  '@typescript/typescript-linux-arm@7.0.2':
    optional: true

  '@typescript/typescript-linux-loong64@7.0.2':
    optional: true

  '@typescript/typescript-linux-mips64el@7.0.2':
    optional: true

  '@typescript/typescript-linux-ppc64@7.0.2':
    optional: true

  '@typescript/typescript-linux-riscv64@7.0.2':
    optional: true

  '@typescript/typescript-linux-s390x@7.0.2':
    optional: true

  '@typescript/typescript-linux-x64@7.0.2':
    optional: true

  '@typescript/typescript-netbsd-arm64@7.0.2':
    optional: true

  '@typescript/typescript-netbsd-x64@7.0.2':
    optional: true

  '@typescript/typescript-openbsd-arm64@7.0.2':
    optional: true

  '@typescript/typescript-openbsd-x64@7.0.2':
    optional: true

  '@typescript/typescript-sunos-x64@7.0.2':
    optional: true

  '@typescript/typescript-win32-arm64@7.0.2':
    optional: true

  '@typescript/typescript-win32-x64@7.0.2':
    optional: true

  bowser@2.14.1: {}

  bun-types@1.4.2:
    dependencies:
      '@types/node': 26.6.1

  mnemonist@0.38.3:
    dependencies:
      obliterator: 1.6.1

  obliterator@1.6.1: {}

  tslib@2.8.1: {}

  typescript@7.0.2:
    optionalDependencies:
      '@typescript/typescript-aix-ppc64': 7.0.2
      '@typescript/typescript-darwin-arm64': 7.0.2
      '@typescript/typescript-darwin-x64': 7.0.2
      '@typescript/typescript-freebsd-arm64': 7.0.2
      '@typescript/typescript-freebsd-x64': 7.0.2
      '@typescript/typescript-linux-arm': 7.0.2
      '@typescript/typescript-linux-arm64': 7.0.2
      '@typescript/typescript-linux-loong64': 7.0.2
      '@typescript/typescript-linux-mips64el': 7.0.2
      '@typescript/typescript-linux-ppc64': 7.0.2
      '@typescript/typescript-linux-riscv64': 7.0.2
      '@typescript/typescript-linux-s390x': 7.0.2
      '@typescript/typescript-linux-x64': 7.0.2
      '@typescript/typescript-netbsd-arm64': 7.0.2
      '@typescript/typescript-netbsd-x64': 7.0.2
      '@typescript/typescript-openbsd-arm64': 7.0.2
      '@typescript/typescript-openbsd-x64': 7.0.2
      '@typescript/typescript-sunos-x64': 7.0.2
      '@typescript/typescript-win32-arm64': 7.0.2
      '@typescript/typescript-win32-x64': 7.0.2

  undici-types@8.9.0: {}
